
Microsoft Visual Studio Solution File, Format Version 12.00
# Visual Studio Version 17
VisualStudioVersion = 17.2.32616.157
MinimumVisualStudioVersion = 10.0.40219.1
Project("{FAE04EC0-301F-11D3-BF4B-00C04F79EFBC}") = "personel_kayit", "personel_kayit\personel_kayit.csproj", "{9B98F15D-E07C-4F96-863F-086F11B37841}"
EndProject
Global
	GlobalSection(SolutionConfigurationPlatforms) = preSolution
		Debug|Any CPU = Debug|Any CPU
		Release|Any CPU = Release|Any CPU
	EndGlobalSection
	GlobalSection(ProjectConfigurationPlatforms) = postSolution
		{9B98F15D-E07C-4F96-863F-086F11B37841}.Debug|Any CPU.ActiveCfg = Debug|Any CPU
		{9B98F15D-E07C-4F96-863F-086F11B37841}.Debug|Any CPU.Build.0 = Debug|Any CPU
		{9B98F15D-E07C-4F96-863F-086F11B37841}.Release|Any CPU.ActiveCfg = Release|Any CPU
		{9B98F15D-E07C-4F96-863F-086F11B37841}.Release|Any CPU.Build.0 = Release|Any CPU
	EndGlobalSection
	GlobalSection(SolutionProperties) = preSolution
		HideSolutionNode = FALSE
	EndGlobalSection
	GlobalSection(ExtensibilityGlobals) = postSolution
		SolutionGuid = {75927DCC-D0F4-4F9F-B527-EEEDF390B84C}
	EndGlobalSection
EndGlobal
